// !$*UTF8*$!
{
	archiveVersion = 1;
	classes = {
	};
	objectVersion = 50;
	objects = {

/* Begin PBXBuildFile section */
		8169C35E24EFAEEA00B8A0EE /* AppDelegate.swift in Sources */ = {isa = PBXBuildFile; fileRef = 8169C35D24EFAEEA00B8A0EE /* AppDelegate.swift */; };
		8169C36024EFAEEA00B8A0EE /* SceneDelegate.swift in Sources */ = {isa = PBXBuildFile; fileRef = 8169C35F24EFAEEA00B8A0EE /* SceneDelegate.swift */; };
		8169C36224EFAEEA00B8A0EE /* ViewController.swift in Sources */ = {isa = PBXBuildFile; fileRef = 8169C36124EFAEEA00B8A0EE /* ViewController.swift */; };
		8169C36524EFAEEA00B8A0EE /* Main.storyboard in Resources */ = {isa = PBXBuildFile; fileRef = 8169C36324EFAEEA00B8A0EE /* Main.storyboard */; };
		8169C36724EFAEEB00B8A0EE /* Assets.xcassets in Resources */ = {isa = PBXBuildFile; fileRef = 8169C36624EFAEEB00B8A0EE /* Assets.xcassets */; };
		8169C36A24EFAEEB00B8A0EE /* LaunchScreen.storyboard in Resources */ = {isa = PBXBuildFile; fileRef = 8169C36824EFAEEB00B8A0EE /* LaunchScreen.storyboard */; };
		8169C37524EFAEEB00B8A0EE /* saamaria_sAudioAppTests.swift in Sources */ = {isa = PBXBuildFile; fileRef = 8169C37424EFAEEB00B8A0EE /* saamaria_sAudioAppTests.swift */; };
		8169C38024EFAEEB00B8A0EE /* saamaria_sAudioAppUITests.swift in Sources */ = {isa = PBXBuildFile; fileRef = 8169C37F24EFAEEB00B8A0EE /* saamaria_sAudioAppUITests.swift */; };
		8169C38E24EFB3C900B8A0EE /* download.jpg in Resources */ = {isa = PBXBuildFile; fileRef = 8169C38D24EFB3C800B8A0EE /* download.jpg */; };
/* End PBXBuildFile section */

/* Begin PBXContainerItemProxy section */
		8169C37124EFAEEB00B8A0EE /* PBXContainerItemProxy */ = {
			isa = PBXContainerItemProxy;
			containerPortal = 8169C35224EFAEEA00B8A0EE /* Project object */;
			proxyType = 1;
			remoteGlobalIDString = 8169C35924EFAEEA00B8A0EE;
			remoteInfo = "saamaria'sAudioApp";
		};
		8169C37C24EFAEEB00B8A0EE /* PBXContainerItemProxy */ = {
			isa = PBXContainerItemProxy;
			containerPortal = 8169C35224EFAEEA00B8A0EE /* Project object */;
			proxyType = 1;
			remoteGlobalIDString = 8169C35924EFAEEA00B8A0EE;
			remoteInfo = "saamaria'sAudioApp";
		};
/* End PBXContainerItemProxy section */

/* Begin PBXFileReference section */
		8169C35A24EFAEEA00B8A0EE /* saamaria'sAudioApp.app */ = {isa = PBXFileReference; explicitFileType = wrapper.application; includeInIndex = 0; path = "saamaria'sAudioApp.app"; sourceTree = BUILT_PRODUCTS_DIR; };
		8169C35D24EFAEEA00B8A0EE /* AppDelegate.swift */ = {isa = PBXFileReference; lastKnownFileType = sourcecode.swift; path = AppDelegate.swift; sourceTree = "<group>"; };
		8169C35F24EFAEEA00B8A0EE /* SceneDelegate.swift */ = {isa = PBXFileReference; lastKnownFileType = sourcecode.swift; path = SceneDelegate.swift; sourceTree = "<group>"; };
		8169C36124EFAEEA00B8A0EE /* ViewController.swift */ = {isa = PBXFileReference; lastKnownFileType = sourcecode.swift; path = ViewController.swift; sourceTree = "<group>"; };
		8169C36424EFAEEA00B8A0EE /* Base */ = {isa = PBXFileReference; lastKnownFileType = file.storyboard; name = Base; path = Base.lproj/Main.storyboard; sourceTree = "<group>"; };
		8169C36624EFAEEB00B8A0EE /* Assets.xcassets */ = {isa = PBXFileReference; lastKnownFileType = folder.assetcatalog; path = Assets.xcassets; sourceTree = "<group>"; };
		8169C36924EFAEEB00B8A0EE /* Base */ = {isa = PBXFileReference; lastKnownFileType = file.storyboard; name = Base; path = Base.lproj/LaunchScreen.storyboard; sourceTree = "<group>"; };
		8169C36B24EFAEEB00B8A0EE /* Info.plist */ = {isa = PBXFileReference; lastKnownFileType = text.plist.xml; path = Info.plist; sourceTree = "<group>"; };
		8169C37024EFAEEB00B8A0EE /* saamaria'sAudioAppTests.xctest */ = {isa = PBXFileReference; explicitFileType = wrapper.cfbundle; includeInIndex = 0; path = "saamaria'sAudioAppTests.xctest"; sourceTree = BUILT_PRODUCTS_DIR; };
		8169C37424EFAEEB00B8A0EE /* saamaria_sAudioAppTests.swift */ = {isa = PBXFileReference; lastKnownFileType = sourcecode.swift; path = saamaria_sAudioAppTests.swift; sourceTree = "<group>"; };
		8169C37624EFAEEB00B8A0EE /* Info.plist */ = {isa = PBXFileReference; lastKnownFileType = text.plist.xml; path = Info.plist; sourceTree = "<group>"; };
		8169C37B24EFAEEB00B8A0EE /* saamaria'sAudioAppUITests.xctest */ = {isa = PBXFileReference; explicitFileType = wrapper.cfbundle; includeInIndex = 0; path = "saamaria'sAudioAppUITests.xctest"; sourceTree = BUILT_PRODUCTS_DIR; };
		8169C37F24EFAEEB00B8A0EE /* saamaria_sAudioAppUITests.swift */ = {isa = PBXFileReference; lastKnownFileType = sourcecode.swift; path = saamaria_sAudioAppUITests.swift; sourceTree = "<group>"; };
		8169C38124EFAEEB00B8A0EE /* Info.plist */ = {isa = PBXFileReference; lastKnownFileType = text.plist.xml; path = Info.plist; sourceTree = "<group>"; };
		8169C38D24EFB3C800B8A0EE /* download.jpg */ = {isa = PBXFileReference; lastKnownFileType = image.jpeg; path = download.jpg; sourceTree = "<group>"; };
/* End PBXFileReference section */

/* Begin PBXFrameworksBuildPhase section */
		8169C35724EFAEEA00B8A0EE /* Frameworks */ = {
			isa = PBXFrameworksBuildPhase;
			buildActionMask = 2147483647;
			files = (
			);
			runOnlyForDeploymentPostprocessing = 0;
		};
		8169C36D24EFAEEB00B8A0EE /* Frameworks */ = {
			isa = PBXFrameworksBuildPhase;
			buildActionMask = 2147483647;
			files = (
			);
			runOnlyForDeploymentPostprocessing = 0;
		};
		8169C37824EFAEEB00B8A0EE /* Frameworks */ = {
			isa = PBXFrameworksBuildPhase;
			buildActionMask = 2147483647;
			files = (
			);
			runOnlyForDeploymentPostprocessing = 0;
		};
/* End PBXFrameworksBuildPhase section */

/* Begin PBXGroup section */
		8169C35124EFAEEA00B8A0EE = {
			isa = PBXGroup;
			children = (
				8169C35C24EFAEEA00B8A0EE /* saamaria'sAudioApp */,
				8169C37324EFAEEB00B8A0EE /* saamaria'sAudioAppTests */,
				8169C37E24EFAEEB00B8A0EE /* saamaria'sAudioAppUITests */,
				8169C35B24EFAEEA00B8A0EE /* Products */,
			);
			sourceTree = "<group>";
		};
		8169C35B24EFAEEA00B8A0EE /* Products */ = {
			isa = PBXGroup;
			children = (
				8169C35A24EFAEEA00B8A0EE /* saamaria'sAudioApp.app */,
				8169C37024EFAEEB00B8A0EE /* saamaria'sAudioAppTests.xctest */,
				8169C37B24EFAEEB00B8A0EE /* saamaria'sAudioAppUITests.xctest */,
			);
			name = Products;
			sourceTree = "<group>";
		};
		8169C35C24EFAEEA00B8A0EE /* saamaria'sAudioApp */ = {
			isa = PBXGroup;
			children = (
				8169C35D24EFAEEA00B8A0EE /* AppDelegate.swift */,
				8169C35F24EFAEEA00B8A0EE /* SceneDelegate.swift */,
				8169C36124EFAEEA00B8A0EE /* ViewController.swift */,
				8169C36324EFAEEA00B8A0EE /* Main.storyboard */,
				8169C36624EFAEEB00B8A0EE /* Assets.xcassets */,
				8169C36824EFAEEB00B8A0EE /* LaunchScreen.storyboard */,
				8169C38D24EFB3C800B8A0EE /* download.jpg */,
				8169C36B24EFAEEB00B8A0EE /* Info.plist */,
			);
			path = "saamaria'sAudioApp";
			sourceTree = "<group>";
		};
		8169C37324EFAEEB00B8A0EE /* saamaria'sAudioAppTests */ = {
			isa = PBXGroup;
			children = (
				8169C37424EFAEEB00B8A0EE /* saamaria_sAudioAppTests.swift */,
				8169C37624EFAEEB00B8A0EE /* Info.plist */,
			);
			path = "saamaria'sAudioAppTests";
			sourceTree = "<group>";
		};
		8169C37E24EFAEEB00B8A0EE /* saamaria'sAudioAppUITests */ = {
			isa = PBXGroup;
			children = (
				8169C37F24EFAEEB00B8A0EE /* saamaria_sAudioAppUITests.swift */,
				8169C38124EFAEEB00B8A0EE /* Info.plist */,
			);
			path = "saamaria'sAudioAppUITests";
			sourceTree = "<group>";
		};
/* End PBXGroup section */

/* Begin PBXNativeTarget section */
		8169C35924EFAEEA00B8A0EE /* saamaria'sAudioApp */ = {
			isa = PBXNativeTarget;
			buildConfigurationList = 8169C38424EFAEEB00B8A0EE /* Build configuration list for PBXNativeTarget "saamaria'sAudioApp" */;
			buildPhases = (
				8169C35624EFAEEA00B8A0EE /* Sources */,
				8169C35724EFAEEA00B8A0EE /* Frameworks */,
				8169C35824EFAEEA00B8A0EE /* Resources */,
			);
			buildRules = (
			);
			dependencies = (
			);
			name = "saamaria'sAudioApp";
			productName = "saamaria'sAudioApp";
			productReference = 8169C35A24EFAEEA00B8A0EE /* saamaria'sAudioApp.app */;
			productType = "com.apple.product-type.application";
		};
		8169C36F24EFAEEB00B8A0EE /* saamaria'sAudioAppTests */ = {
			isa = PBXNativeTarget;
			buildConfigurationList = 8169C38724EFAEEB00B8A0EE /* Build configuration list for PBXNativeTarget "saamaria'sAudioAppTests" */;
			buildPhases = (
				8169C36C24EFAEEB00B8A0EE /* Sources */,
				8169C36D24EFAEEB00B8A0EE /* Frameworks */,
				8169C36E24EFAEEB00B8A0EE /* Resources */,
			);
			buildRules = (
			);
			dependencies = (
				8169C37224EFAEEB00B8A0EE /* PBXTargetDependency */,
			);
			name = "saamaria'sAudioAppTests";
			productName = "saamaria'sAudioAppTests";
			productReference = 8169C37024EFAEEB00B8A0EE /* saamaria'sAudioAppTests.xctest */;
			productType = "com.apple.product-type.bundle.unit-test";
		};
		8169C37A24EFAEEB00B8A0EE /* saamaria'sAudioAppUITests */ = {
			isa = PBXNativeTarget;
			buildConfigurationList = 8169C38A24EFAEEB00B8A0EE /* Build configuration list for PBXNativeTarget "saamaria'sAudioAppUITests" */;
			buildPhases = (
				8169C37724EFAEEB00B8A0EE /* Sources */,
				8169C37824EFAEEB00B8A0EE /* Frameworks */,
				8169C37924EFAEEB00B8A0EE /* Resources */,
			);
			buildRules = (
			);
			dependencies = (
				8169C37D24EFAEEB00B8A0EE /* PBXTargetDependency */,
			);
			name = "saamaria'sAudioAppUITests";
			productName = "saamaria'sAudioAppUITests";
			productReference = 8169C37B24EFAEEB00B8A0EE /* saamaria'sAudioAppUITests.xctest */;
			productType = "com.apple.product-type.bundle.ui-testing";
		};
/* End PBXNativeTarget section */

/* Begin PBXProject section */
		8169C35224EFAEEA00B8A0EE /* Project object */ = {
			isa = PBXProject;
			attributes = {
				LastSwiftUpdateCheck = 1130;
				LastUpgradeCheck = 1130;
				ORGANIZATIONNAME = audioExercise;
				TargetAttributes = {
					8169C35924EFAEEA00B8A0EE = {
						CreatedOnToolsVersion = 11.3.1;
					};
					8169C36F24EFAEEB00B8A0EE = {
						CreatedOnToolsVersion = 11.3.1;
						TestTargetID = 8169C35924EFAEEA00B8A0EE;
					};
					8169C37A24EFAEEB00B8A0EE = {
						CreatedOnToolsVersion = 11.3.1;
						TestTargetID = 8169C35924EFAEEA00B8A0EE;
					};
				};
			};
			buildConfigurationList = 8169C35524EFAEEA00B8A0EE /* Build configuration list for PBXProject "saamaria'sAudioApp" */;
			compatibilityVersion = "Xcode 9.3";
			developmentRegion = en;
			hasScannedForEncodings = 0;
			knownRegions = (
				en,
				Base,
			);
			mainGroup = 8169C35124EFAEEA00B8A0EE;
			productRefGroup = 8169C35B24EFAEEA00B8A0EE /* Products */;
			projectDirPath = "";
			projectRoot = "";
			targets = (
				8169C35924EFAEEA00B8A0EE /* saamaria'sAudioApp */,
				8169C36F24EFAEEB00B8A0EE /* saamaria'sAudioAppTests */,
				8169C37A24EFAEEB00B8A0EE /* saamaria'sAudioAppUITests */,
			);
		};
/* End PBXProject section */

/* Begin PBXResourcesBuildPhase section */
		8169C35824EFAEEA00B8A0EE /* Resources */ = {
			isa = PBXResourcesBuildPhase;
			buildActionMask = 2147483647;
			files = (
				8169C36A24EFAEEB00B8A0EE /* LaunchScreen.storyboard in Resources */,
				8169C36724EFAEEB00B8A0EE /* Assets.xcassets in Resources */,
				8169C36524EFAEEA00B8A0EE /* Main.storyboard in Resources */,
				8169C38E24EFB3C900B8A0EE /* download.jpg in Resources */,
			);
			runOnlyForDeploymentPostprocessing = 0;
		};
		8169C36E24EFAEEB00B8A0EE /* Resources */ = {
			isa = PBXResourcesBuildPhase;
			buildActionMask = 2147483647;
			files = (
			);
			runOnlyForDeploymentPostprocessing = 0;
		};
		8169C37924EFAEEB00B8A0EE /* Resources */ = {
			isa = PBXResourcesBuildPhase;
			buildActionMask = 2147483647;
			files = (
			);
			runOnlyForDeploymentPostprocessing = 0;
		};
/* End PBXResourcesBuildPhase section */

/* Begin PBXSourcesBuildPhase section */
		8169C35624EFAEEA00B8A0EE /* Sources */ = {
			isa = PBXSourcesBuildPhase;
			buildActionMask = 2147483647;
			files = (
				8169C36224EFAEEA00B8A0EE /* ViewController.swift in Sources */,
				8169C35E24EFAEEA00B8A0EE /* AppDelegate.swift in Sources */,
				8169C36024EFAEEA00B8A0EE /* SceneDelegate.swift in Sources */,
			);
			runOnlyForDeploymentPostprocessing = 0;
		};
		8169C36C24EFAEEB00B8A0EE /* Sources */ = {
			isa = PBXSourcesBuildPhase;
			buildActionMask = 2147483647;
			files = (
				8169C37524EFAEEB00B8A0EE /* saamaria_sAudioAppTests.swift in Sources */,
			);
			runOnlyForDeploymentPostprocessing = 0;
		};
		8169C37724EFAEEB00B8A0EE /* Sources */ = {
			isa = PBXSourcesBuildPhase;
			buildActionMask = 2147483647;
			files = (
				8169C38024EFAEEB00B8A0EE /* saamaria_sAudioAppUITests.swift in Sources */,
			);
			runOnlyForDeploymentPostprocessing = 0;
		};
/* End PBXSourcesBuildPhase section */

/* Begin PBXTargetDependency section */
		8169C37224EFAEEB00B8A0EE /* PBXTargetDependency */ = {
			isa = PBXTargetDependency;
			target = 8169C35924EFAEEA00B8A0EE /* saamaria'sAudioApp */;
			targetProxy = 8169C37124EFAEEB00B8A0EE /* PBXContainerItemProxy */;
		};
		8169C37D24EFAEEB00B8A0EE /* PBXTargetDependency */ = {
			isa = PBXTargetDependency;
			target = 8169C35924EFAEEA00B8A0EE /* saamaria'sAudioApp */;
			targetProxy = 8169C37C24EFAEEB00B8A0EE /* PBXContainerItemProxy */;
		};
/* End PBXTargetDependency section */

/* Begin PBXVariantGroup section */
		8169C36324EFAEEA00B8A0EE /* Main.storyboard */ = {
			isa = PBXVariantGroup;
			children = (
				8169C36424EFAEEA00B8A0EE /* Base */,
			);
			name = Main.storyboard;
			sourceTree = "<group>";
		};
		8169C36824EFAEEB00B8A0EE /* LaunchScreen.storyboard */ = {
			isa = PBXVariantGroup;
			children = (
				8169C36924EFAEEB00B8A0EE /* Base */,
			);
			name = LaunchScreen.storyboard;
			sourceTree = "<group>";
		};
/* End PBXVariantGroup section */

/* Begin XCBuildConfiguration section */
		8169C38224EFAEEB00B8A0EE /* Debug */ = {
			isa = XCBuildConfiguration;
			buildSettings = {
				ALWAYS_SEARCH_USER_PATHS = NO;
				CLANG_ANALYZER_NONNULL = YES;
				CLANG_ANALYZER_NUMBER_OBJECT_CONVERSION = YES_AGGRESSIVE;
				CLANG_CXX_LANGUAGE_STANDARD = "gnu++14";
				CLANG_CXX_LIBRARY = "libc++";
				CLANG_ENABLE_MODULES = YES;
				CLANG_ENABLE_OBJC_ARC = YES;
				CLANG_ENABLE_OBJC_WEAK = YES;
				CLANG_WARN_BLOCK_CAPTURE_AUTORELEASING = YES;
				CLANG_WARN_BOOL_CONVERSION = YES;
				CLANG_WARN_COMMA = YES;
				CLANG_WARN_CONSTANT_CONVERSION = YES;
				CLANG_WARN_DEPRECATED_OBJC_IMPLEMENTATIONS = YES;
				CLANG_WARN_DIRECT_OBJC_ISA_USAGE = YES_ERROR;
				CLANG_WARN_DOCUMENTATION_COMMENTS = YES;
				CLANG_WARN_EMPTY_BODY = YES;
				CLANG_WARN_ENUM_CONVERSION = YES;
				CLANG_WARN_INFINITE_RECURSION = YES;
				CLANG_WARN_INT_CONVERSION = YES;
				CLANG_WARN_NON_LITERAL_NULL_CONVERSION = YES;
				CLANG_WARN_OBJC_IMPLICIT_RETAIN_SELF = YES;
				CLANG_WARN_OBJC_LITERAL_CONVERSION = YES;
				CLANG_WARN_OBJC_ROOT_CLASS = YES_ERROR;
				CLANG_WARN_RANGE_LOOP_ANALYSIS = YES;
				CLANG_WARN_STRICT_PROTOTYPES = YES;
				CLANG_WARN_SUSPICIOUS_MOVE = YES;
				CLANG_WARN_UNGUARDED_AVAILABILITY = YES_AGGRESSIVE;
				CLANG_WARN_UNREACHABLE_CODE = YES;
				CLANG_WARN__DUPLICATE_METHOD_MATCH = YES;
				COPY_PHASE_STRIP = NO;
				DEBUG_INFORMATION_FORMAT = dwarf;
				ENABLE_STRICT_OBJC_MSGSEND = YES;
				ENABLE_TESTABILITY = YES;
				GCC_C_LANGUAGE_STANDARD = gnu11;
				GCC_DYNAMIC_NO_PIC = NO;
				GCC_NO_COMMON_BLOCKS = YES;
				GCC_OPTIMIZATION_LEVEL = 0;
				GCC_PREPROCESSOR_DEFINITIONS = (
					"DEBUG=1",
					"$(inherited)",
				);
				GCC_WARN_64_TO_32_BIT_CONVERSION = YES;
				GCC_WARN_ABOUT_RETURN_TYPE = YES_ERROR;
				GCC_WARN_UNDECLARED_SELECTOR = YES;
				GCC_WARN_UNINITIALIZED_AUTOS = YES_AGGRESSIVE;
				GCC_WARN_UNUSED_FUNCTION = YES;
				GCC_WARN_UNUSED_VARIABLE = YES;
				IPHONEOS_DEPLOYMENT_TARGET = 13.2;
				MTL_ENABLE_DEBUG_INFO = INCLUDE_SOURCE;
				MTL_FAST_MATH = YES;
				ONLY_ACTIVE_ARCH = YES;
				SDKROOT = iphoneos;
				SWIFT_ACTIVE_COMPILATION_CONDITIONS = DEBUG;
				SWIFT_OPTIMIZATION_LEVEL = "-Onone";
			};
			name = Debug;
		};
		8169C38324EFAEEB00B8A0EE /* Release */ = {
			isa = XCBuildConfiguration;
			buildSettings = {
				ALWAYS_SEARCH_USER_PATHS = NO;
				CLANG_ANALYZER_NONNULL = YES;
				CLANG_ANALYZER_NUMBER_OBJECT_CONVERSION = YES_AGGRESSIVE;
				CLANG_CXX_LANGUAGE_STANDARD = "gnu++14";
				CLANG_CXX_LIBRARY = "libc++";
				CLANG_ENABLE_MODULES = YES;
				CLANG_ENABLE_OBJC_ARC = YES;
				CLANG_ENABLE_OBJC_WEAK = YES;
				CLANG_WARN_BLOCK_CAPTURE_AUTORELEASING = YES;
				CLANG_WARN_BOOL_CONVERSION = YES;
				CLANG_WARN_COMMA = YES;
				CLANG_WARN_CONSTANT_CONVERSION = YES;
				CLANG_WARN_DEPRECATED_OBJC_IMPLEMENTATIONS = YES;
				CLANG_WARN_DIRECT_OBJC_ISA_USAGE = YES_ERROR;
				CLANG_WARN_DOCUMENTATION_COMMENTS = YES;
				CLANG_WARN_EMPTY_BODY = YES;
				CLANG_WARN_ENUM_CONVERSION = YES;
				CLANG_WARN_INFINITE_RECURSION = YES;
				CLANG_WARN_INT_CONVERSION = YES;
				CLANG_WARN_NON_LITERAL_NULL_CONVERSION = YES;
				CLANG_WARN_OBJC_IMPLICIT_RETAIN_SELF = YES;
				CLANG_WARN_OBJC_LITERAL_CONVERSION = YES;
				CLANG_WARN_OBJC_ROOT_CLASS = YES_ERROR;
				CLANG_WARN_RANGE_LOOP_ANALYSIS = YES;
				CLANG_WARN_STRICT_PROTOTYPES = YES;
				CLANG_WARN_SUSPICIOUS_MOVE = YES;
				CLANG_WARN_UNGUARDED_AVAILABILITY = YES_AGGRESSIVE;
				CLANG_WARN_UNREACHABLE_CODE = YES;
				CLANG_WARN__DUPLICATE_METHOD_MATCH = YES;
				COPY_PHASE_STRIP = NO;
				DEBUG_INFORMATION_FORMAT = "dwarf-with-dsym";
				ENABLE_NS_ASSERTIONS = NO;
				ENABLE_STRICT_OBJC_MSGSEND = YES;
				GCC_C_LANGUAGE_STANDARD = gnu11;
				GCC_NO_COMMON_BLOCKS = YES;
				GCC_WARN_64_TO_32_BIT_CONVERSION = YES;
				GCC_WARN_ABOUT_RETURN_TYPE = YES_ERROR;
				GCC_WARN_UNDECLARED_SELECTOR = YES;
				GCC_WARN_UNINITIALIZED_AUTOS = YES_AGGRESSIVE;
				GCC_WARN_UNUSED_FUNCTION = YES;
				GCC_WARN_UNUSED_VARIABLE = YES;
				IPHONEOS_DEPLOYMENT_TARGET = 13.2;
				MTL_ENABLE_DEBUG_INFO = NO;
				MTL_FAST_MATH = YES;
				SDKROOT = iphoneos;
				SWIFT_COMPILATION_MODE = wholemodule;
				SWIFT_OPTIMIZATION_LEVEL = "-O";
				VALIDATE_PRODUCT = YES;
			};
			name = Release;
		};
		8169C38524EFAEEB00B8A0EE /* Debug */ = {
			isa = XCBuildConfiguration;
			buildSettings = {
				ASSETCATALOG_COMPILER_APPICON_NAME = AppIcon;
				CODE_SIGN_STYLE = Automatic;
				INFOPLIST_FILE = "saamaria'sAudioApp/Info.plist";
				LD_RUNPATH_SEARCH_PATHS = (
					"$(inherited)",
					"@executable_path/Frameworks",
				);
				PRODUCT_BUNDLE_IDENTIFIER = "audio.saamaria-sAudioApp";
				PRODUCT_NAME = "$(TARGET_NAME)";
				SWIFT_VERSION = 5.0;
				TARGETED_DEVICE_FAMILY = "1,2";
			};
			name = Debug;
		};
		8169C38624EFAEEB00B8A0EE /* Release */ = {
			isa = XCBuildConfiguration;
			buildSettings = {
				ASSETCATALOG_COMPILER_APPICON_NAME = AppIcon;
				CODE_SIGN_STYLE = Automatic;
				INFOPLIST_FILE = "saamaria'sAudioApp/Info.plist";
				LD_RUNPATH_SEARCH_PATHS = (
					"$(inherited)",
					"@executable_path/Frameworks",
				);
				PRODUCT_BUNDLE_IDENTIFIER = "audio.saamaria-sAudioApp";
				PRODUCT_NAME = "$(TARGET_NAME)";
				SWIFT_VERSION = 5.0;
				TARGETED_DEVICE_FAMILY = "1,2";
			};
			name = Release;
		};
		8169C38824EFAEEB00B8A0EE /* Debug */ = {
			isa = XCBuildConfiguration;
			buildSettings = {
				ALWAYS_EMBED_SWIFT_STANDARD_LIBRARIES = YES;
				BUNDLE_LOADER = "$(TEST_HOST)";
				CODE_SIGN_STYLE = Automatic;
				INFOPLIST_FILE = "saamaria'sAudioAppTests/Info.plist";
				IPHONEOS_DEPLOYMENT_TARGET = 13.2;
				LD_RUNPATH_SEARCH_PATHS = (
					"$(inherited)",
					"@executable_path/Frameworks",
					"@loader_path/Frameworks",
				);
				PRODUCT_BUNDLE_IDENTIFIER = "audio.saamaria-sAudioAppTests";
				PRODUCT_NAME = "$(TARGET_NAME)";
				SWIFT_VERSION = 5.0;
				TARGETED_DEVICE_FAMILY = "1,2";
				TEST_HOST = "$(BUILT_PRODUCTS_DIR)/saamaria'sAudioApp.app/saamaria'sAudioApp";
			};
			name = Debug;
		};
		8169C38924EFAEEB00B8A0EE /* Release */ = {
			isa = XCBuildConfiguration;
			buildSettings = {
				ALWAYS_EMBED_SWIFT_STANDARD_LIBRARIES = YES;
				BUNDLE_LOADER = "$(TEST_HOST)";
				CODE_SIGN_STYLE = Automatic;
				INFOPLIST_FILE = "saamaria'sAudioAppTests/Info.plist";
				IPHONEOS_DEPLOYMENT_TARGET = 13.2;
				LD_RUNPATH_SEARCH_PATHS = (
					"$(inherited)",
					"@executable_path/Frameworks",
					"@loader_path/Frameworks",
				);
				PRODUCT_BUNDLE_IDENTIFIER = "audio.saamaria-sAudioAppTests";
				PRODUCT_NAME = "$(TARGET_NAME)";
				SWIFT_VERSION = 5.0;
				TARGETED_DEVICE_FAMILY = "1,2";
				TEST_HOST = "$(BUILT_PRODUCTS_DIR)/saamaria'sAudioApp.app/saamaria'sAudioApp";
			};
			name = Release;
		};
		8169C38B24EFAEEB00B8A0EE /* Debug */ = {
			isa = XCBuildConfiguration;
			buildSettings = {
				ALWAYS_EMBED_SWIFT_STANDARD_LIBRARIES = YES;
				CODE_SIGN_STYLE = Automatic;
				INFOPLIST_FILE = "saamaria'sAudioAppUITests/Info.plist";
				LD_RUNPATH_SEARCH_PATHS = (
					"$(inherited)",
					"@executable_path/Frameworks",
					"@loader_path/Frameworks",
				);
				PRODUCT_BUNDLE_IDENTIFIER = "audio.saamaria-sAudioAppUITests";
				PRODUCT_NAME = "$(TARGET_NAME)";
				SWIFT_VERSION = 5.0;
				TARGETED_DEVICE_FAMILY = "1,2";
				TEST_TARGET_NAME = "saamaria'sAudioApp";
			};
			name = Debug;
		};
		8169C38C24EFAEEB00B8A0EE /* Release */ = {
			isa = XCBuildConfiguration;
			buildSettings = {
				ALWAYS_EMBED_SWIFT_STANDARD_LIBRARIES = YES;
				CODE_SIGN_STYLE = Automatic;
				INFOPLIST_FILE = "saamaria'sAudioAppUITests/Info.plist";
				LD_RUNPATH_SEARCH_PATHS = (
					"$(inherited)",
					"@executable_path/Frameworks",
					"@loader_path/Frameworks",
				);
				PRODUCT_BUNDLE_IDENTIFIER = "audio.saamaria-sAudioAppUITests";
				PRODUCT_NAME = "$(TARGET_NAME)";
				SWIFT_VERSION = 5.0;
				TARGETED_DEVICE_FAMILY = "1,2";
				TEST_TARGET_NAME = "saamaria'sAudioApp";
			};
			name = Release;
		};
/* End XCBuildConfiguration section */

/* Begin XCConfigurationList section */
		8169C35524EFAEEA00B8A0EE /* Build configuration list for PBXProject "saamaria'sAudioApp" */ = {
			isa = XCConfigurationList;
			buildConfigurations = (
				8169C38224EFAEEB00B8A0EE /* Debug */,
				8169C38324EFAEEB00B8A0EE /* Release */,
			);
			defaultConfigurationIsVisible = 0;
			defaultConfigurationName = Release;
		};
		8169C38424EFAEEB00B8A0EE /* Build configuration list for PBXNativeTarget "saamaria'sAudioApp" */ = {
			isa = XCConfigurationList;
			buildConfigurations = (
				8169C38524EFAEEB00B8A0EE /* Debug */,
				8169C38624EFAEEB00B8A0EE /* Release */,
			);
			defaultConfigurationIsVisible = 0;
			defaultConfigurationName = Release;
		};
		8169C38724EFAEEB00B8A0EE /* Build configuration list for PBXNativeTarget "saamaria'sAudioAppTests" */ = {
			isa = XCConfigurationList;
			buildConfigurations = (
				8169C38824EFAEEB00B8A0EE /* Debug */,
				8169C38924EFAEEB00B8A0EE /* Release */,
			);
			defaultConfigurationIsVisible = 0;
			defaultConfigurationName = Release;
		};
		8169C38A24EFAEEB00B8A0EE /* Build configuration list for PBXNativeTarget "saamaria'sAudioAppUITests" */ = {
			isa = XCConfigurationList;
			buildConfigurations = (
				8169C38B24EFAEEB00B8A0EE /* Debug */,
				8169C38C24EFAEEB00B8A0EE /* Release */,
			);
			defaultConfigurationIsVisible = 0;
			defaultConfigurationName = Release;
		};
/* End XCConfigurationList section */
	};
	rootObject = 8169C35224EFAEEA00B8A0EE /* Project object */;
}
